<?xml version="1.0" encoding="utf-8"?>
<Project ToolsVersion="4.0" xmlns="http://schemas.microsoft.com/developer/msbuild/2003">
  <ItemGroup>
    <Filter Include="Shaders">
      <UniqueIdentifier>{038f9361-8139-40ef-86ef-f741640186dc}</UniqueIdentifier>
    </Filter>
    <Filter Include="Shaders\Triangle">
      <UniqueIdentifier>{c55ca0c7-94d0-4fdd-80de-eeac018621cd}</UniqueIdentifier>
    </Filter>
    <Filter Include="Shaders\Sprite">
      <UniqueIdentifier>{8bf8da65-8793-4a7b-830e-6ab5033bdcb4}</UniqueIdentifier>
    </Filter>
    <Filter Include="Shaders\Rotation">
      <UniqueIdentifier>{cc199299-98b2-4bf3-a5c0-28abac6490a9}</UniqueIdentifier>
    </Filter>
    <Filter Include="Shaders\FullScreenQuad">
      <UniqueIdentifier>{72651c45-2c72-4f2b-aedd-15039fbccc05}</UniqueIdentifier>
    </Filter>
    <Filter Include="Shaders\MultiPathCompositing">
      <UniqueIdentifier>{dca62733-f061-4116-80bd-85b795761a5f}</UniqueIdentifier>
    </Filter>
    <Filter Include="Shaders\SimpleCube">
      <UniqueIdentifier>{f6cc4cdb-98b0-4ab4-975d-8d7312aa1df2}</UniqueIdentifier>
    </Filter>
    <Filter Include="Shaders\TextureCube">
      <UniqueIdentifier>{e5ed4b87-7966-4140-bfef-ba9a10a45a9a}</UniqueIdentifier>
    </Filter>
    <Filter Include="Shaders\3dModel">
      <UniqueIdentifier>{611b25a2-5c33-4d60-ac0f-9f35bb86e5a6}</UniqueIdentifier>
    </Filter>
    <Filter Include="lib">
      <UniqueIdentifier>{76b5136d-8877-4d40-bc09-27e6fdb3633d}</UniqueIdentifier>
    </Filter>
    <Filter Include="lib\imgui">
      <UniqueIdentifier>{6705f21f-6819-43c8-8c58-816b08cfdf3a}</UniqueIdentifier>
    </Filter>
    <Filter Include="lib\assimp">
      <UniqueIdentifier>{cf73d989-dbed-47bf-b029-57252af25bea}</UniqueIdentifier>
    </Filter>
    <Filter Include="lib\nlohmann">
      <UniqueIdentifier>{55e9505b-4b67-4b26-8283-c9e8c9115ef8}</UniqueIdentifier>
    </Filter>
    <Filter Include="src">
      <UniqueIdentifier>{7c75a525-0288-4853-9af7-6bbd3c5f7426}</UniqueIdentifier>
    </Filter>
    <Filter Include="src\Graphics">
      <UniqueIdentifier>{2fb9c904-1735-4175-849f-480af730cf5d}</UniqueIdentifier>
    </Filter>
    <Filter Include="src\System">
      <UniqueIdentifier>{726e318a-14b7-47f8-beb0-5709cff76005}</UniqueIdentifier>
    </Filter>
    <Filter Include="src\Util">
      <UniqueIdentifier>{ad5a0593-ec6d-4b12-ae64-91a38718b1d3}</UniqueIdentifier>
    </Filter>
    <Filter Include="src\imgui">
      <UniqueIdentifier>{4ea64c6e-f1b0-4857-b927-b2ffa3b15866}</UniqueIdentifier>
    </Filter>
    <Filter Include="src\Scenes">
      <UniqueIdentifier>{ef66b174-b877-4f5f-864a-4b95d8f590a2}</UniqueIdentifier>
    </Filter>
    <Filter Include="src\Graphics\Texture">
      <UniqueIdentifier>{c81e847e-7cde-4c6d-b19f-e06ae3456baf}</UniqueIdentifier>
    </Filter>
    <Filter Include="src\Graphics\Model">
      <UniqueIdentifier>{eea2069b-e0ab-433f-a09d-3ec35ca113dc}</UniqueIdentifier>
    </Filter>
    <Filter Include="src\Graphics\OffScreen">
      <UniqueIdentifier>{f08d3928-9016-4a83-88a0-bff91ddcd364}</UniqueIdentifier>
    </Filter>
    <Filter Include="src\Graphics\CmdAllocator">
      <UniqueIdentifier>{8f7986d8-b90d-49e4-baed-a0c156b43064}</UniqueIdentifier>
    </Filter>
    <Filter Include="src\Graphics\CmdQueue">
      <UniqueIdentifier>{b80738cd-b893-47ad-9a4c-9172cf38758a}</UniqueIdentifier>
    </Filter>
    <Filter Include="src\Graphics\CompositeRenderTarget">
      <UniqueIdentifier>{f0f08a36-7aab-49eb-a5b3-29c46c6b7172}</UniqueIdentifier>
    </Filter>
    <Filter Include="src\Graphics\CBV">
      <UniqueIdentifier>{354def39-4e22-40a6-af4e-bbdd05dbe6a9}</UniqueIdentifier>
    </Filter>
    <Filter Include="src\Graphics\SRV">
      <UniqueIdentifier>{88c5df0f-731a-4a73-8dc9-5bcc980e0684}</UniqueIdentifier>
    </Filter>
    <Filter Include="src\Graphics\VBV">
      <UniqueIdentifier>{f4943e8a-89e9-4173-961c-f9d882361858}</UniqueIdentifier>
    </Filter>
    <Filter Include="src\Graphics\DepthStencil">
      <UniqueIdentifier>{24cfb99a-022d-4fd9-8347-e0cddc05138c}</UniqueIdentifier>
    </Filter>
    <Filter Include="src\Graphics\Descriptor">
      <UniqueIdentifier>{84e96700-e3bf-40a5-b1a2-0c3f6d651677}</UniqueIdentifier>
    </Filter>
    <Filter Include="src\Graphics\Device">
      <UniqueIdentifier>{71388bfc-8eac-43d3-9334-a4d3d63193d4}</UniqueIdentifier>
    </Filter>
    <Filter Include="src\Graphics\Fence">
      <UniqueIdentifier>{30c53e27-4554-4510-888d-7f8f7b3dd954}</UniqueIdentifier>
    </Filter>
    <Filter Include="src\Graphics\CmdList">
      <UniqueIdentifier>{7225aa8e-7d7c-4885-a033-57b67ad93844}</UniqueIdentifier>
    </Filter>
    <Filter Include="src\Graphics\Hash">
      <UniqueIdentifier>{7cd7b59a-7cc1-4047-a8c8-815bdd386b48}</UniqueIdentifier>
    </Filter>
    <Filter Include="src\Graphics\Config">
      <UniqueIdentifier>{79367611-ab34-483f-a7d4-e6798d19d5d3}</UniqueIdentifier>
    </Filter>
    <Filter Include="src\Graphics\ViewObject">
      <UniqueIdentifier>{aa7287e3-423e-4b8d-85f9-1678b88f5cef}</UniqueIdentifier>
    </Filter>
    <Filter Include="src\Graphics\PSO">
      <UniqueIdentifier>{41a30ad5-927e-4705-9cee-94925facad01}</UniqueIdentifier>
    </Filter>
    <Filter Include="src\Graphics\RootSignature">
      <UniqueIdentifier>{5d03f6c1-f55d-47d0-9036-3a88fa384e6b}</UniqueIdentifier>
    </Filter>
    <Filter Include="src\Graphics\RenderMode">
      <UniqueIdentifier>{39f771fe-28c0-4b27-be56-d796c76eccd1}</UniqueIdentifier>
    </Filter>
    <Filter Include="src\Graphics\Shader">
      <UniqueIdentifier>{3d799d53-fa59-4003-a004-6078ca29a635}</UniqueIdentifier>
    </Filter>
    <Filter Include="src\Graphics\RenderContext">
      <UniqueIdentifier>{51747564-00a7-4a49-a417-b7a80b324a6c}</UniqueIdentifier>
    </Filter>
    <Filter Include="src\Graphics\IBV">
      <UniqueIdentifier>{57328614-70eb-4681-9a29-7145e72bcc04}</UniqueIdentifier>
    </Filter>
    <Filter Include="src\Graphics\RTV">
      <UniqueIdentifier>{bcb49cc0-6860-426d-baaa-30b404cb9030}</UniqueIdentifier>
    </Filter>
    <Filter Include="src\Graphics\SwapChain">
      <UniqueIdentifier>{d7cc85f5-ad65-405e-abb4-3bb64a779456}</UniqueIdentifier>
    </Filter>
  </ItemGroup>
  <ItemGroup>
    <ClCompile Include="lib\imgui\include\imgui\imgui.cpp">
      <Filter>lib\imgui</Filter>
    </ClCompile>
    <ClCompile Include="lib\imgui\include\imgui\imgui_demo.cpp">
      <Filter>lib\imgui</Filter>
    </ClCompile>
    <ClCompile Include="lib\imgui\include\imgui\imgui_draw.cpp">
      <Filter>lib\imgui</Filter>
    </ClCompile>
    <ClCompile Include="lib\imgui\include\imgui\imgui_impl_dx12.cpp">
      <Filter>lib\imgui</Filter>
    </ClCompile>
    <ClCompile Include="lib\imgui\include\imgui\imgui_impl_win32.cpp">
      <Filter>lib\imgui</Filter>
    </ClCompile>
    <ClCompile Include="lib\imgui\include\imgui\imgui_tables.cpp">
      <Filter>lib\imgui</Filter>
    </ClCompile>
    <ClCompile Include="lib\imgui\include\imgui\imgui_widgets.cpp">
      <Filter>lib\imgui</Filter>
    </ClCompile>
    <ClCompile Include="src\AssimpLoader.cpp">
      <Filter>src\Graphics\Model</Filter>
    </ClCompile>
    <ClCompile Include="src\Camera.cpp">
      <Filter>src\System</Filter>
    </ClCompile>
    <ClCompile Include="src\CameraController.cpp">
      <Filter>src\System</Filter>
    </ClCompile>
    <ClCompile Include="src\CommandAllocator.cpp">
      <Filter>src\Graphics\CmdAllocator</Filter>
    </ClCompile>
    <ClCompile Include="src\CommandQueue.cpp">
      <Filter>src\Graphics\CmdQueue</Filter>
    </ClCompile>
    <ClCompile Include="src\CompositeRenderTarget.cpp">
      <Filter>src\Graphics\CompositeRenderTarget</Filter>
    </ClCompile>
    <ClCompile Include="src\ConstantBuffer.cpp">
      <Filter>src\Graphics\CBV</Filter>
    </ClCompile>
    <ClCompile Include="src\CubeModel.cpp">
      <Filter>src\Graphics\Model</Filter>
    </ClCompile>
    <ClCompile Include="src\DepthStencil.cpp">
      <Filter>src\Graphics\DepthStencil</Filter>
    </ClCompile>
    <ClCompile Include="src\Descriptor.cpp">
      <Filter>src\Graphics\Descriptor</Filter>
    </ClCompile>
    <ClCompile Include="src\DescriptorHeap.cpp">
      <Filter>src\Graphics\Descriptor</Filter>
    </ClCompile>
    <ClCompile Include="src\DescriptorHeapManager.cpp">
      <Filter>src\Graphics\Descriptor</Filter>
    </ClCompile>
    <ClCompile Include="src\DeviceContext.cpp">
      <Filter>src\Graphics\Device</Filter>
    </ClCompile>
    <ClCompile Include="src\Fence.cpp">
      <Filter>src\Graphics\Fence</Filter>
    </ClCompile>
    <ClCompile Include="src\FetchJson.cpp">
      <Filter>src\Util</Filter>
    </ClCompile>
    <ClCompile Include="src\Framework.cpp">
      <Filter>src\System</Filter>
    </ClCompile>
    <ClCompile Include="src\FullScreenQuad.cpp">
      <Filter>src\Graphics\OffScreen</Filter>
    </ClCompile>
    <ClCompile Include="src\GraphicsCommandList.cpp">
      <Filter>src\Graphics\CmdList</Filter>
    </ClCompile>
    <ClCompile Include="src\GraphicsConfigurator.cpp">
      <Filter>src\Graphics\Config</Filter>
    </ClCompile>
    <ClCompile Include="src\ImGuiManager.cpp">
      <Filter>src\imgui</Filter>
    </ClCompile>
    <ClCompile Include="src\DX12Resources.cpp">
      <Filter>src\Graphics</Filter>
    </ClCompile>
    <ClCompile Include="src\IndexBuffer.cpp">
      <Filter>src\Graphics\IBV</Filter>
    </ClCompile>
    <ClCompile Include="src\InputManager.cpp">
      <Filter>src\System</Filter>
    </ClCompile>
    <ClCompile Include="src\Model.cpp">
      <Filter>src\Graphics\Model</Filter>
    </ClCompile>
    <ClCompile Include="src\OffScreenRenderTarget.cpp">
      <Filter>src\Graphics\OffScreen</Filter>
    </ClCompile>
    <ClCompile Include="src\PipelineStateObject.cpp">
      <Filter>src\Graphics\PSO</Filter>
    </ClCompile>
    <ClCompile Include="src\RenderTarget.cpp">
      <Filter>src\Graphics\RTV</Filter>
    </ClCompile>
    <ClCompile Include="src\RootSignature.cpp">
      <Filter>src\Graphics\RootSignature</Filter>
    </ClCompile>
    <ClCompile Include="src\Shader.cpp">
      <Filter>src\Graphics\Shader</Filter>
    </ClCompile>
    <ClCompile Include="src\ShaderCacheManager.cpp">
      <Filter>src\Graphics\Shader</Filter>
    </ClCompile>
    <ClCompile Include="src\Sprite.cpp">
      <Filter>src\Graphics\Texture</Filter>
    </ClCompile>
    <ClCompile Include="src\SwapChain.cpp">
      <Filter>src\Graphics\SwapChain</Filter>
    </ClCompile>
    <ClCompile Include="src\Texture.cpp">
      <Filter>src\Graphics\Texture</Filter>
    </ClCompile>
    <ClCompile Include="src\Triangle.cpp">
      <Filter>src\Graphics\Model</Filter>
    </ClCompile>
    <ClCompile Include="src\TextureCubeModel.cpp">
      <Filter>src\Graphics\Model</Filter>
    </ClCompile>
    <ClCompile Include="src\VertexBuffer.cpp">
      <Filter>src\Graphics\VBV</Filter>
    </ClCompile>
    <ClCompile Include="src\Window.cpp">
      <Filter>src\System</Filter>
    </ClCompile>
    <ClCompile Include="src\WinMain.cpp">
      <Filter>src\System</Filter>
    </ClCompile>
    <ClCompile Include="src\Scene3dCube.cpp">
      <Filter>src\Scenes</Filter>
    </ClCompile>
    <ClCompile Include="src\SceneModel.cpp">
      <Filter>src\Scenes</Filter>
    </ClCompile>
    <ClCompile Include="src\SceneSprite.cpp">
      <Filter>src\Scenes</Filter>
    </ClCompile>
    <ClCompile Include="src\SceneTexture3dCube.cpp">
      <Filter>src\Scenes</Filter>
    </ClCompile>
    <ClCompile Include="src\SceneTriangle.cpp">
      <Filter>src\Scenes</Filter>
    </ClCompile>
    <ClCompile Include="src\SRV.cpp">
      <Filter>src\Graphics\SRV</Filter>
    </ClCompile>
  </ItemGroup>
  <ItemGroup>
    <ClInclude Include="src\SceneTriangle.h">
      <Filter>src\Scenes</Filter>
    </ClInclude>
    <ClInclude Include="src\Scene.h">
      <Filter>src\Scenes</Filter>
    </ClInclude>
    <ClInclude Include="src\SceneManager.h">
      <Filter>src\Scenes</Filter>
    </ClInclude>
    <ClInclude Include="src\SceneDefault.h">
      <Filter>src\Scenes</Filter>
    </ClInclude>
    <ClInclude Include="src\SceneSprite.h">
      <Filter>src\Scenes</Filter>
    </ClInclude>
    <ClInclude Include="src\Scene3dCube.h">
      <Filter>src\Scenes</Filter>
    </ClInclude>
    <ClInclude Include="src\SceneTexture3dCube.h">
      <Filter>src\Scenes</Filter>
    </ClInclude>
    <ClInclude Include="src\SceneModel.h">
      <Filter>src\Scenes</Filter>
    </ClInclude>
    <ClInclude Include="lib\imgui\include\imgui\imconfig.h">
      <Filter>lib\imgui</Filter>
    </ClInclude>
    <ClInclude Include="lib\imgui\include\imgui\imfilebrowser.h">
      <Filter>lib\imgui</Filter>
    </ClInclude>
    <ClInclude Include="lib\imgui\include\imgui\imgui.h">
      <Filter>lib\imgui</Filter>
    </ClInclude>
    <ClInclude Include="lib\imgui\include\imgui\imgui_impl_dx12.h">
      <Filter>lib\imgui</Filter>
    </ClInclude>
    <ClInclude Include="lib\imgui\include\imgui\imgui_impl_win32.h">
      <Filter>lib\imgui</Filter>
    </ClInclude>
    <ClInclude Include="lib\imgui\include\imgui\imgui_internal.h">
      <Filter>lib\imgui</Filter>
    </ClInclude>
    <ClInclude Include="lib\imgui\include\imgui\ImGuiManager.h">
      <Filter>lib\imgui</Filter>
    </ClInclude>
    <ClInclude Include="lib\imgui\include\imgui\imstb_rectpack.h">
      <Filter>lib\imgui</Filter>
    </ClInclude>
    <ClInclude Include="lib\imgui\include\imgui\imstb_textedit.h">
      <Filter>lib\imgui</Filter>
    </ClInclude>
    <ClInclude Include="lib\imgui\include\imgui\imstb_truetype.h">
      <Filter>lib\imgui</Filter>
    </ClInclude>
    <ClInclude Include="lib\nlohmann\include\nlohmann\adl_serializer.hpp">
      <Filter>lib\nlohmann</Filter>
    </ClInclude>
    <ClInclude Include="lib\nlohmann\include\nlohmann\byte_container_with_subtype.hpp">
      <Filter>lib\nlohmann</Filter>
    </ClInclude>
    <ClInclude Include="lib\nlohmann\include\nlohmann\json.hpp">
      <Filter>lib\nlohmann</Filter>
    </ClInclude>
    <ClInclude Include="lib\nlohmann\include\nlohmann\json_fwd.hpp">
      <Filter>lib\nlohmann</Filter>
    </ClInclude>
    <ClInclude Include="lib\nlohmann\include\nlohmann\ordered_map.hpp">
      <Filter>lib\nlohmann</Filter>
    </ClInclude>
    <ClInclude Include="lib\assimp\include\assimp\aabb.h">
      <Filter>lib\assimp</Filter>
    </ClInclude>
    <ClInclude Include="lib\assimp\include\assimp\ai_assert.h">
      <Filter>lib\assimp</Filter>
    </ClInclude>
    <ClInclude Include="lib\assimp\include\assimp\anim.h">
      <Filter>lib\assimp</Filter>
    </ClInclude>
    <ClInclude Include="lib\assimp\include\assimp\AssertHandler.h">
      <Filter>lib\assimp</Filter>
    </ClInclude>
    <ClInclude Include="lib\assimp\include\assimp\Base64.hpp">
      <Filter>lib\assimp</Filter>
    </ClInclude>
    <ClInclude Include="lib\assimp\include\assimp\BaseImporter.h">
      <Filter>lib\assimp</Filter>
    </ClInclude>
    <ClInclude Include="lib\assimp\include\assimp\Bitmap.h">
      <Filter>lib\assimp</Filter>
    </ClInclude>
    <ClInclude Include="lib\assimp\include\assimp\BlobIOSystem.h">
      <Filter>lib\assimp</Filter>
    </ClInclude>
    <ClInclude Include="lib\assimp\include\assimp\ByteSwapper.h">
      <Filter>lib\assimp</Filter>
    </ClInclude>
    <ClInclude Include="lib\assimp\include\assimp\camera.h">
      <Filter>lib\assimp</Filter>
    </ClInclude>
    <ClInclude Include="lib\assimp\include\assimp\cexport.h">
      <Filter>lib\assimp</Filter>
    </ClInclude>
    <ClInclude Include="lib\assimp\include\assimp\cfileio.h">
      <Filter>lib\assimp</Filter>
    </ClInclude>
    <ClInclude Include="lib\assimp\include\assimp\cimport.h">
      <Filter>lib\assimp</Filter>
    </ClInclude>
    <ClInclude Include="lib\assimp\include\assimp\ColladaMetaData.h">
      <Filter>lib\assimp</Filter>
    </ClInclude>
    <ClInclude Include="lib\assimp\include\assimp\color4.h">
      <Filter>lib\assimp</Filter>
    </ClInclude>
    <ClInclude Include="lib\assimp\include\assimp\commonMetaData.h">
      <Filter>lib\assimp</Filter>
    </ClInclude>
    <ClInclude Include="lib\assimp\include\assimp\config.h">
      <Filter>lib\assimp</Filter>
    </ClInclude>
    <ClInclude Include="lib\assimp\include\assimp\CreateAnimMesh.h">
      <Filter>lib\assimp</Filter>
    </ClInclude>
    <ClInclude Include="lib\assimp\include\assimp\DefaultIOStream.h">
      <Filter>lib\assimp</Filter>
    </ClInclude>
    <ClInclude Include="lib\assimp\include\assimp\DefaultIOSystem.h">
      <Filter>lib\assimp</Filter>
    </ClInclude>
    <ClInclude Include="lib\assimp\include\assimp\DefaultLogger.hpp">
      <Filter>lib\assimp</Filter>
    </ClInclude>
    <ClInclude Include="lib\assimp\include\assimp\defs.h">
      <Filter>lib\assimp</Filter>
    </ClInclude>
    <ClInclude Include="lib\assimp\include\assimp\Exceptional.h">
      <Filter>lib\assimp</Filter>
    </ClInclude>
    <ClInclude Include="lib\assimp\include\assimp\Exporter.hpp">
      <Filter>lib\assimp</Filter>
    </ClInclude>
    <ClInclude Include="lib\assimp\include\assimp\fast_atof.h">
      <Filter>lib\assimp</Filter>
    </ClInclude>
    <ClInclude Include="lib\assimp\include\assimp\GenericProperty.h">
      <Filter>lib\assimp</Filter>
    </ClInclude>
    <ClInclude Include="lib\assimp\include\assimp\GltfMaterial.h">
      <Filter>lib\assimp</Filter>
    </ClInclude>
    <ClInclude Include="lib\assimp\include\assimp\Hash.h">
      <Filter>lib\assimp</Filter>
    </ClInclude>
    <ClInclude Include="lib\assimp\include\assimp\Importer.hpp">
      <Filter>lib\assimp</Filter>
    </ClInclude>
    <ClInclude Include="lib\assimp\include\assimp\importerdesc.h">
      <Filter>lib\assimp</Filter>
    </ClInclude>
    <ClInclude Include="lib\assimp\include\assimp\IOStream.hpp">
      <Filter>lib\assimp</Filter>
    </ClInclude>
    <ClInclude Include="lib\assimp\include\assimp\IOStreamBuffer.h">
      <Filter>lib\assimp</Filter>
    </ClInclude>
    <ClInclude Include="lib\assimp\include\assimp\IOSystem.hpp">
      <Filter>lib\assimp</Filter>
    </ClInclude>
    <ClInclude Include="lib\assimp\include\assimp\light.h">
      <Filter>lib\assimp</Filter>
    </ClInclude>
    <ClInclude Include="lib\assimp\include\assimp\LineSplitter.h">
      <Filter>lib\assimp</Filter>
    </ClInclude>
    <ClInclude Include="lib\assimp\include\assimp\LogAux.h">
      <Filter>lib\assimp</Filter>
    </ClInclude>
    <ClInclude Include="lib\assimp\include\assimp\Logger.hpp">
      <Filter>lib\assimp</Filter>
    </ClInclude>
    <ClInclude Include="lib\assimp\include\assimp\LogStream.hpp">
      <Filter>lib\assimp</Filter>
    </ClInclude>
    <ClInclude Include="lib\assimp\include\assimp\material.h">
      <Filter>lib\assimp</Filter>
    </ClInclude>
    <ClInclude Include="lib\assimp\include\assimp\MathFunctions.h">
      <Filter>lib\assimp</Filter>
    </ClInclude>
    <ClInclude Include="lib\assimp\include\assimp\matrix3x3.h">
      <Filter>lib\assimp</Filter>
    </ClInclude>
    <ClInclude Include="lib\assimp\include\assimp\matrix4x4.h">
      <Filter>lib\assimp</Filter>
    </ClInclude>
    <ClInclude Include="lib\assimp\include\assimp\MemoryIOWrapper.h">
      <Filter>lib\assimp</Filter>
    </ClInclude>
    <ClInclude Include="lib\assimp\include\assimp\mesh.h">
      <Filter>lib\assimp</Filter>
    </ClInclude>
    <ClInclude Include="lib\assimp\include\assimp\metadata.h">
      <Filter>lib\assimp</Filter>
    </ClInclude>
    <ClInclude Include="lib\assimp\include\assimp\NullLogger.hpp">
      <Filter>lib\assimp</Filter>
    </ClInclude>
    <ClInclude Include="lib\assimp\include\assimp\ObjMaterial.h">
      <Filter>lib\assimp</Filter>
    </ClInclude>
    <ClInclude Include="lib\assimp\include\assimp\ParsingUtils.h">
      <Filter>lib\assimp</Filter>
    </ClInclude>
    <ClInclude Include="lib\assimp\include\assimp\pbrmaterial.h">
      <Filter>lib\assimp</Filter>
    </ClInclude>
    <ClInclude Include="lib\assimp\include\assimp\postprocess.h">
      <Filter>lib\assimp</Filter>
    </ClInclude>
    <ClInclude Include="lib\assimp\include\assimp\Profiler.h">
      <Filter>lib\assimp</Filter>
    </ClInclude>
    <ClInclude Include="lib\assimp\include\assimp\ProgressHandler.hpp">
      <Filter>lib\assimp</Filter>
    </ClInclude>
    <ClInclude Include="lib\assimp\include\assimp\qnan.h">
      <Filter>lib\assimp</Filter>
    </ClInclude>
    <ClInclude Include="lib\assimp\include\assimp\quaternion.h">
      <Filter>lib\assimp</Filter>
    </ClInclude>
    <ClInclude Include="lib\assimp\include\assimp\RemoveComments.h">
      <Filter>lib\assimp</Filter>
    </ClInclude>
    <ClInclude Include="lib\assimp\include\assimp\scene.h">
      <Filter>lib\assimp</Filter>
    </ClInclude>
    <ClInclude Include="lib\assimp\include\assimp\SceneCombiner.h">
      <Filter>lib\assimp</Filter>
    </ClInclude>
    <ClInclude Include="lib\assimp\include\assimp\SGSpatialSort.h">
      <Filter>lib\assimp</Filter>
    </ClInclude>
    <ClInclude Include="lib\assimp\include\assimp\SkeletonMeshBuilder.h">
      <Filter>lib\assimp</Filter>
    </ClInclude>
    <ClInclude Include="lib\assimp\include\assimp\SmallVector.h">
      <Filter>lib\assimp</Filter>
    </ClInclude>
    <ClInclude Include="lib\assimp\include\assimp\SmoothingGroups.h">
      <Filter>lib\assimp</Filter>
    </ClInclude>
    <ClInclude Include="lib\assimp\include\assimp\SpatialSort.h">
      <Filter>lib\assimp</Filter>
    </ClInclude>
    <ClInclude Include="lib\assimp\include\assimp\StandardShapes.h">
      <Filter>lib\assimp</Filter>
    </ClInclude>
    <ClInclude Include="lib\assimp\include\assimp\StreamReader.h">
      <Filter>lib\assimp</Filter>
    </ClInclude>
    <ClInclude Include="lib\assimp\include\assimp\StreamWriter.h">
      <Filter>lib\assimp</Filter>
    </ClInclude>
    <ClInclude Include="lib\assimp\include\assimp\StringComparison.h">
      <Filter>lib\assimp</Filter>
    </ClInclude>
    <ClInclude Include="lib\assimp\include\assimp\StringUtils.h">
      <Filter>lib\assimp</Filter>
    </ClInclude>
    <ClInclude Include="lib\assimp\include\assimp\Subdivision.h">
      <Filter>lib\assimp</Filter>
    </ClInclude>
    <ClInclude Include="lib\assimp\include\assimp\texture.h">
      <Filter>lib\assimp</Filter>
    </ClInclude>
    <ClInclude Include="lib\assimp\include\assimp\TinyFormatter.h">
      <Filter>lib\assimp</Filter>
    </ClInclude>
    <ClInclude Include="lib\assimp\include\assimp\types.h">
      <Filter>lib\assimp</Filter>
    </ClInclude>
    <ClInclude Include="lib\assimp\include\assimp\vector2.h">
      <Filter>lib\assimp</Filter>
    </ClInclude>
    <ClInclude Include="lib\assimp\include\assimp\vector3.h">
      <Filter>lib\assimp</Filter>
    </ClInclude>
    <ClInclude Include="lib\assimp\include\assimp\version.h">
      <Filter>lib\assimp</Filter>
    </ClInclude>
    <ClInclude Include="lib\assimp\include\assimp\Vertex.h">
      <Filter>lib\assimp</Filter>
    </ClInclude>
    <ClInclude Include="lib\assimp\include\assimp\XmlParser.h">
      <Filter>lib\assimp</Filter>
    </ClInclude>
    <ClInclude Include="lib\assimp\include\assimp\XMLTools.h">
      <Filter>lib\assimp</Filter>
    </ClInclude>
    <ClInclude Include="lib\assimp\include\assimp\ZipArchiveIOSystem.h">
      <Filter>lib\assimp</Filter>
    </ClInclude>
    <ClInclude Include="src\DX12Resources.h">
      <Filter>src\Graphics</Filter>
    </ClInclude>
    <ClInclude Include="src\ResourceManager.h">
      <Filter>src\Graphics</Filter>
    </ClInclude>
    <ClInclude Include="src\Camera.h">
      <Filter>src\System</Filter>
    </ClInclude>
    <ClInclude Include="src\CameraController.h">
      <Filter>src\System</Filter>
    </ClInclude>
    <ClInclude Include="src\Window.h">
      <Filter>src\System</Filter>
    </ClInclude>
    <ClInclude Include="src\CommandAllocator.h">
      <Filter>src\Graphics\CmdAllocator</Filter>
    </ClInclude>
    <ClInclude Include="src\CommandAllocatorFactory.h">
      <Filter>src\Graphics\CmdAllocator</Filter>
    </ClInclude>
    <ClInclude Include="src\CommandQueue.h">
      <Filter>src\Graphics\CmdQueue</Filter>
    </ClInclude>
    <ClInclude Include="src\CommandQueueFactory.h">
      <Filter>src\Graphics\CmdQueue</Filter>
    </ClInclude>
    <ClInclude Include="src\CompositeRenderTarget.h">
      <Filter>src\Graphics\CompositeRenderTarget</Filter>
    </ClInclude>
    <ClInclude Include="src\CompositeRenderTargetFactory.h">
      <Filter>src\Graphics\CompositeRenderTarget</Filter>
    </ClInclude>
    <ClInclude Include="src\ConstantBufferFactory.h">
      <Filter>src\Graphics\CBV</Filter>
    </ClInclude>
    <ClInclude Include="src\ConstantBuffer.h">
      <Filter>src\Graphics\CBV</Filter>
    </ClInclude>
    <ClInclude Include="src\CBVManager.h">
      <Filter>src\Graphics\CBV</Filter>
    </ClInclude>
    <ClInclude Include="src\DepthStencil.h">
      <Filter>src\Graphics\DepthStencil</Filter>
    </ClInclude>
    <ClInclude Include="src\DepthStencilCacheManager.h">
      <Filter>src\Graphics\DepthStencil</Filter>
    </ClInclude>
    <ClInclude Include="src\DepthStencilFactory.h">
      <Filter>src\Graphics\DepthStencil</Filter>
    </ClInclude>
    <ClInclude Include="src\Descriptor.h">
      <Filter>src\Graphics\Descriptor</Filter>
    </ClInclude>
    <ClInclude Include="src\DescriptorCache.h">
      <Filter>src\Graphics\Descriptor</Filter>
    </ClInclude>
    <ClInclude Include="src\DescriptorHeap.h">
      <Filter>src\Graphics\Descriptor</Filter>
    </ClInclude>
    <ClInclude Include="src\DescriptorHeapFactory.h">
      <Filter>src\Graphics\Descriptor</Filter>
    </ClInclude>
    <ClInclude Include="src\DescriptorHeapManager.h">
      <Filter>src\Graphics\Descriptor</Filter>
    </ClInclude>
    <ClInclude Include="src\CubeModel.h">
      <Filter>src\Graphics\Model</Filter>
    </ClInclude>
    <ClInclude Include="src\AssimpLoader.h">
      <Filter>src\Graphics\Model</Filter>
    </ClInclude>
    <ClInclude Include="src\d3dx12.h">
      <Filter>src\Graphics</Filter>
    </ClInclude>
    <ClInclude Include="src\DeviceContext.h">
      <Filter>src\Graphics\Device</Filter>
    </ClInclude>
    <ClInclude Include="src\DeviceContextFactory.h">
      <Filter>src\Graphics\Device</Filter>
    </ClInclude>
    <ClInclude Include="src\Fence.h">
      <Filter>src\Graphics\Fence</Filter>
    </ClInclude>
    <ClInclude Include="src\FenceFactory.h">
      <Filter>src\Graphics\Fence</Filter>
    </ClInclude>
    <ClInclude Include="src\FrameworkFactory.h">
      <Filter>src\System</Filter>
    </ClInclude>
    <ClInclude Include="src\Framework.h">
      <Filter>src\System</Filter>
    </ClInclude>
    <ClInclude Include="src\FileUtil.h">
      <Filter>src\Util</Filter>
    </ClInclude>
    <ClInclude Include="src\Texture.h">
      <Filter>src\Graphics\Texture</Filter>
    </ClInclude>
    <ClInclude Include="src\TextureCacheManager.h">
      <Filter>src\Graphics\Texture</Filter>
    </ClInclude>
    <ClInclude Include="src\TextureCubeModel.h">
      <Filter>src\Graphics\Texture</Filter>
    </ClInclude>
    <ClInclude Include="src\TextureFactory.h">
      <Filter>src\Graphics\Texture</Filter>
    </ClInclude>
    <ClInclude Include="src\FullScreenQuad.h">
      <Filter>src\Graphics\OffScreen</Filter>
    </ClInclude>
    <ClInclude Include="src\FullScreenQuadFactory.h">
      <Filter>src\Graphics\OffScreen</Filter>
    </ClInclude>
    <ClInclude Include="src\GraphicsCommandList.h">
      <Filter>src\Graphics\CmdList</Filter>
    </ClInclude>
    <ClInclude Include="src\GraphicsCommandListFactory.h">
      <Filter>src\Graphics\CmdList</Filter>
    </ClInclude>
    <ClInclude Include="src\HashCombine.h">
      <Filter>src\Graphics\Hash</Filter>
    </ClInclude>
    <ClInclude Include="src\Hashes.h">
      <Filter>src\Graphics\Hash</Filter>
    </ClInclude>
    <ClInclude Include="src\GraphicsConfigurator.h">
      <Filter>src\Graphics\Config</Filter>
    </ClInclude>
    <ClInclude Include="src\HighResolutionTimer.h">
      <Filter>src\System</Filter>
    </ClInclude>
    <ClInclude Include="src\ImGuiManager.h">
      <Filter>src\imgui</Filter>
    </ClInclude>
    <ClInclude Include="src\VertexBufferFactory.h">
      <Filter>src\Graphics\VBV</Filter>
    </ClInclude>
    <ClInclude Include="src\VertexBuffer.h">
      <Filter>src\Graphics\VBV</Filter>
    </ClInclude>
    <ClInclude Include="src\OffScreenRenderTarget.h">
      <Filter>src\Graphics\OffScreen</Filter>
    </ClInclude>
    <ClInclude Include="src\OffScreenRenderTargetCacheManager.h">
      <Filter>src\Graphics\OffScreen</Filter>
    </ClInclude>
    <ClInclude Include="src\OffScreenRenderTargetFactory.h">
      <Filter>src\Graphics\OffScreen</Filter>
    </ClInclude>
    <ClInclude Include="src\Model.h">
      <Filter>src\Graphics\Model</Filter>
    </ClInclude>
    <ClInclude Include="src\ModelMeshCacheManager.h">
      <Filter>src\Graphics\Model</Filter>
    </ClInclude>
    <ClInclude Include="src\Mesh.h">
      <Filter>src\Graphics\Model</Filter>
    </ClInclude>
    <ClInclude Include="src\PSOCacheManager.h">
      <Filter>src\Graphics\PSO</Filter>
    </ClInclude>
    <ClInclude Include="src\PipelineStateObject.h">
      <Filter>src\Graphics\PSO</Filter>
    </ClInclude>
    <ClInclude Include="src\PipelineStateObjectFactory.h">
      <Filter>src\Graphics\PSO</Filter>
    </ClInclude>
    <ClInclude Include="src\Triangle.h">
      <Filter>src\Graphics\ViewObject</Filter>
    </ClInclude>
    <ClInclude Include="src\Sprite.h">
      <Filter>src\Graphics\Texture</Filter>
    </ClInclude>
    <ClInclude Include="src\StringUtil.h">
      <Filter>src\Util</Filter>
    </ClInclude>
    <ClInclude Include="src\RootSignature.h">
      <Filter>src\Graphics\RootSignature</Filter>
    </ClInclude>
    <ClInclude Include="src\RootSignatureCacheManager.h">
      <Filter>src\Graphics\RootSignature</Filter>
    </ClInclude>
    <ClInclude Include="src\RootSignatureFactory.h">
      <Filter>src\Graphics\RootSignature</Filter>
    </ClInclude>
    <ClInclude Include="src\ShaderFactory.h">
      <Filter>src\Graphics\Shader</Filter>
    </ClInclude>
    <ClInclude Include="src\ShaderCacheManager.h">
      <Filter>src\Graphics\Shader</Filter>
    </ClInclude>
    <ClInclude Include="src\Shader.h">
      <Filter>src\Graphics\Shader</Filter>
    </ClInclude>
    <ClInclude Include="src\RenderContext.h">
      <Filter>src\Graphics\RenderContext</Filter>
    </ClInclude>
    <ClInclude Include="src\RenderContextFactory.h">
      <Filter>src\Graphics\RenderContext</Filter>
    </ClInclude>
    <ClInclude Include="src\IndexBuffer.h">
      <Filter>src\Graphics\IBV</Filter>
    </ClInclude>
    <ClInclude Include="src\IndexBufferFactory.h">
      <Filter>src\Graphics\IBV</Filter>
    </ClInclude>
    <ClInclude Include="src\RenderMode.h">
      <Filter>src\Graphics\RenderMode</Filter>
    </ClInclude>
    <ClInclude Include="src\RenderTarget.h">
      <Filter>src\Graphics\RTV</Filter>
    </ClInclude>
    <ClInclude Include="src\RenderTargetFactory.h">
      <Filter>src\Graphics\RTV</Filter>
    </ClInclude>
    <ClInclude Include="src\MouseInputListener.h">
      <Filter>src\System</Filter>
    </ClInclude>
    <ClInclude Include="src\SwapChain.h">
      <Filter>src\Graphics\SwapChain</Filter>
    </ClInclude>
    <ClInclude Include="src\SwapChainFactory.h">
      <Filter>src\Graphics\SwapChain</Filter>
    </ClInclude>
    <ClInclude Include="src\SpriteModifier.h">
      <Filter>src\Graphics\Texture</Filter>
    </ClInclude>
    <ClInclude Include="src\InputManager.h">
      <Filter>src\System</Filter>
    </ClInclude>
    <ClInclude Include="src\Json.h">
      <Filter>src\Util</Filter>
    </ClInclude>
    <ClInclude Include="src\SRV.h">
      <Filter>src\Graphics\SRV</Filter>
    </ClInclude>
    <ClInclude Include="src\SRVFactory.h">
      <Filter>src\Graphics\SRV</Filter>
    </ClInclude>
  </ItemGroup>
  <ItemGroup>
    <FxCompile Include="src\shaders\TrianglePS.hlsl">
      <Filter>Shaders\Triangle</Filter>
    </FxCompile>
    <FxCompile Include="src\shaders\TriangleVS.hlsl">
      <Filter>Shaders\Triangle</Filter>
    </FxCompile>
    <FxCompile Include="src\shaders\SpriteVS.hlsl">
      <Filter>Shaders\Sprite</Filter>
    </FxCompile>
    <FxCompile Include="src\shaders\SpritePS.hlsl">
      <Filter>Shaders\Sprite</Filter>
    </FxCompile>
    <FxCompile Include="src\shaders\RotationVS.hlsl">
      <Filter>Shaders\Rotation</Filter>
    </FxCompile>
    <FxCompile Include="src\shaders\RotationPS.hlsl">
      <Filter>Shaders\Rotation</Filter>
    </FxCompile>
    <FxCompile Include="src\shaders\FullScreenQuadPS.hlsl">
      <Filter>Shaders\FullScreenQuad</Filter>
    </FxCompile>
    <FxCompile Include="src\shaders\FullScreenQuadVS.hlsl">
      <Filter>Shaders\FullScreenQuad</Filter>
    </FxCompile>
    <FxCompile Include="src\shaders\MultiPathCompositingPS.hlsl">
      <Filter>Shaders\MultiPathCompositing</Filter>
    </FxCompile>
    <FxCompile Include="src\shaders\MultiPathCompositingVS.hlsl">
      <Filter>Shaders\MultiPathCompositing</Filter>
    </FxCompile>
    <FxCompile Include="src\shaders\CubeVS.hlsl">
      <Filter>Shaders\SimpleCube</Filter>
    </FxCompile>
    <FxCompile Include="src\shaders\CubePS.hlsl">
      <Filter>Shaders\SimpleCube</Filter>
    </FxCompile>
    <FxCompile Include="src\shaders\TextureCubeVS.hlsl">
      <Filter>Shaders\TextureCube</Filter>
    </FxCompile>
    <FxCompile Include="src\shaders\TextureCubePS.hlsl">
      <Filter>Shaders\TextureCube</Filter>
    </FxCompile>
    <FxCompile Include="src\shaders\3dModelVS.hlsl">
      <Filter>Shaders\3dModel</Filter>
    </FxCompile>
    <FxCompile Include="src\shaders\3dModelPS.hlsl">
      <Filter>Shaders\3dModel</Filter>
    </FxCompile>
  </ItemGroup>
  <ItemGroup>
    <None Include="src\shaders\Triangle.hlsli">
      <Filter>Shaders\Triangle</Filter>
    </None>
    <None Include="src\shaders\Sprite.hlsli">
      <Filter>Shaders\Sprite</Filter>
    </None>
    <None Include="src\shaders\Rotation.hlsli">
      <Filter>Shaders\Rotation</Filter>
    </None>
    <None Include="packages.config" />
    <None Include="src\shaders\FullScreenQuad.hlsli">
      <Filter>Shaders\FullScreenQuad</Filter>
    </None>
    <None Include="src\shaders\MultiPathCompositing.hlsli">
      <Filter>Shaders\MultiPathCompositing</Filter>
    </None>
    <None Include="src\shaders\Cube.hlsli">
      <Filter>Shaders\SimpleCube</Filter>
    </None>
    <None Include="src\shaders\TextureCube.hlsli">
      <Filter>Shaders\TextureCube</Filter>
    </None>
    <None Include="src\shaders\3dModel.hlsli">
      <Filter>Shaders\3dModel</Filter>
    </None>
    <None Include="lib\assimp\include\assimp\.editorconfig">
      <Filter>lib\assimp</Filter>
    </None>
    <None Include="lib\assimp\include\assimp\color4.inl">
      <Filter>lib\assimp</Filter>
    </None>
    <None Include="lib\assimp\include\assimp\config.h.in">
      <Filter>lib\assimp</Filter>
    </None>
    <None Include="lib\assimp\include\assimp\material.inl">
      <Filter>lib\assimp</Filter>
    </None>
    <None Include="lib\assimp\include\assimp\matrix3x3.inl">
      <Filter>lib\assimp</Filter>
    </None>
    <None Include="lib\assimp\include\assimp\matrix4x4.inl">
      <Filter>lib\assimp</Filter>
    </None>
    <None Include="lib\assimp\include\assimp\quaternion.inl">
      <Filter>lib\assimp</Filter>
    </None>
    <None Include="lib\assimp\include\assimp\SmoothingGroups.inl">
      <Filter>lib\assimp</Filter>
    </None>
    <None Include="lib\assimp\include\assimp\vector2.inl">
      <Filter>lib\assimp</Filter>
    </None>
    <None Include="lib\assimp\include\assimp\vector3.inl">
      <Filter>lib\assimp</Filter>
    </None>
  </ItemGroup>
</Project>