<?xml version="1.0" encoding="utf-8"?>
<Project ToolsVersion="4.0" xmlns="http://schemas.microsoft.com/developer/msbuild/2003">
  <ItemGroup>
    <Filter Include="Source Files">
      <UniqueIdentifier>{4FC737F1-C7A5-4376-A066-2A32D752A2FF}</UniqueIdentifier>
      <Extensions>cpp;c;cc;cxx;c++;cppm;ixx;def;odl;idl;hpj;bat;asm;asmx</Extensions>
    </Filter>
    <Filter Include="Header Files">
      <UniqueIdentifier>{93995380-89BD-4b04-88EB-625FBE52EBFB}</UniqueIdentifier>
      <Extensions>h;hh;hpp;hxx;h++;hm;inl;inc;ipp;xsd</Extensions>
    </Filter>
    <Filter Include="Resource Files">
      <UniqueIdentifier>{67DA6AB6-F800-4c08-8B7A-83BB121AAD01}</UniqueIdentifier>
      <Extensions>rc;ico;cur;bmp;dlg;rc2;rct;bin;rgs;gif;jpg;jpeg;jpe;resx;tiff;tif;png;wav;mfcribbon-ms</Extensions>
    </Filter>
    <Filter Include="Shaders">
      <UniqueIdentifier>{038f9361-8139-40ef-86ef-f741640186dc}</UniqueIdentifier>
    </Filter>
    <Filter Include="Header Files\imgui">
      <UniqueIdentifier>{4ea64c6e-f1b0-4857-b927-b2ffa3b15866}</UniqueIdentifier>
    </Filter>
    <Filter Include="Header Files\Scenes">
      <UniqueIdentifier>{ef66b174-b877-4f5f-864a-4b95d8f590a2}</UniqueIdentifier>
    </Filter>
    <Filter Include="Source Files\Scenes">
      <UniqueIdentifier>{c2a3e602-2b66-40ab-97c6-2b5b382a6978}</UniqueIdentifier>
    </Filter>
    <Filter Include="Shaders\Triangle">
      <UniqueIdentifier>{c55ca0c7-94d0-4fdd-80de-eeac018621cd}</UniqueIdentifier>
    </Filter>
    <Filter Include="Shaders\Sprite">
      <UniqueIdentifier>{8bf8da65-8793-4a7b-830e-6ab5033bdcb4}</UniqueIdentifier>
    </Filter>
    <Filter Include="Shaders\Rotation">
      <UniqueIdentifier>{cc199299-98b2-4bf3-a5c0-28abac6490a9}</UniqueIdentifier>
    </Filter>
    <Filter Include="Shaders\FullScreenQuad">
      <UniqueIdentifier>{72651c45-2c72-4f2b-aedd-15039fbccc05}</UniqueIdentifier>
    </Filter>
    <Filter Include="Shaders\MultiPathCompositing">
      <UniqueIdentifier>{dca62733-f061-4116-80bd-85b795761a5f}</UniqueIdentifier>
    </Filter>
    <Filter Include="Shaders\SimpleCube">
      <UniqueIdentifier>{f6cc4cdb-98b0-4ab4-975d-8d7312aa1df2}</UniqueIdentifier>
    </Filter>
    <Filter Include="Shaders\TextureCube">
      <UniqueIdentifier>{e5ed4b87-7966-4140-bfef-ba9a10a45a9a}</UniqueIdentifier>
    </Filter>
    <Filter Include="Shaders\3dModel">
      <UniqueIdentifier>{611b25a2-5c33-4d60-ac0f-9f35bb86e5a6}</UniqueIdentifier>
    </Filter>
    <Filter Include="lib">
      <UniqueIdentifier>{76b5136d-8877-4d40-bc09-27e6fdb3633d}</UniqueIdentifier>
    </Filter>
    <Filter Include="lib\imgui">
      <UniqueIdentifier>{6705f21f-6819-43c8-8c58-816b08cfdf3a}</UniqueIdentifier>
    </Filter>
    <Filter Include="lib\assimp">
      <UniqueIdentifier>{cf73d989-dbed-47bf-b029-57252af25bea}</UniqueIdentifier>
    </Filter>
  </ItemGroup>
  <ItemGroup>
    <ClCompile Include="src\Window.cpp">
      <Filter>Source Files</Filter>
    </ClCompile>
    <ClCompile Include="src\DX12Resources.cpp">
      <Filter>Source Files</Filter>
    </ClCompile>
    <ClCompile Include="src\SwapChain.cpp">
      <Filter>Source Files</Filter>
    </ClCompile>
    <ClCompile Include="src\RenderTarget.cpp">
      <Filter>Source Files</Filter>
    </ClCompile>
    <ClCompile Include="src\Shader.cpp">
      <Filter>Source Files</Filter>
    </ClCompile>
    <ClCompile Include="src\PipelineStateObject.cpp">
      <Filter>Source Files</Filter>
    </ClCompile>
    <ClCompile Include="src\Triangle.cpp">
      <Filter>Source Files</Filter>
    </ClCompile>
    <ClCompile Include="src\RootSignature.cpp">
      <Filter>Source Files</Filter>
    </ClCompile>
    <ClCompile Include="src\DepthStencil.cpp">
      <Filter>Source Files</Filter>
    </ClCompile>
    <ClCompile Include="src\VertexBuffer.cpp">
      <Filter>Source Files</Filter>
    </ClCompile>
    <ClCompile Include="src\IndexBuffer.cpp">
      <Filter>Source Files</Filter>
    </ClCompile>
    <ClCompile Include="src\SceneTriangle.cpp">
      <Filter>Source Files\Scenes</Filter>
    </ClCompile>
    <ClCompile Include="src\Sprite.cpp">
      <Filter>Source Files</Filter>
    </ClCompile>
    <ClCompile Include="src\Texture.cpp">
      <Filter>Source Files</Filter>
    </ClCompile>
    <ClCompile Include="src\ShaderCacheManager.cpp">
      <Filter>Source Files</Filter>
    </ClCompile>
    <ClCompile Include="src\ConstantBuffer.cpp">
      <Filter>Source Files</Filter>
    </ClCompile>
    <ClCompile Include="src\Camera.cpp">
      <Filter>Source Files</Filter>
    </ClCompile>
    <ClCompile Include="src\OffScreenRenderTarget.cpp">
      <Filter>Source Files</Filter>
    </ClCompile>
    <ClCompile Include="src\FullScreenQuad.cpp">
      <Filter>Source Files</Filter>
    </ClCompile>
    <ClCompile Include="src\SceneSprite.cpp">
      <Filter>Source Files\Scenes</Filter>
    </ClCompile>
    <ClCompile Include="src\CompositeRenderTarget.cpp">
      <Filter>Source Files</Filter>
    </ClCompile>
    <ClCompile Include="src\DeviceContext.cpp">
      <Filter>Source Files</Filter>
    </ClCompile>
    <ClCompile Include="src\CommandQueue.cpp">
      <Filter>Source Files</Filter>
    </ClCompile>
    <ClCompile Include="src\CommandAllocator.cpp">
      <Filter>Source Files</Filter>
    </ClCompile>
    <ClCompile Include="src\GraphicsCommandList.cpp">
      <Filter>Source Files</Filter>
    </ClCompile>
    <ClCompile Include="src\Fence.cpp">
      <Filter>Source Files</Filter>
    </ClCompile>
    <ClCompile Include="src\WinMain.cpp">
      <Filter>Source Files</Filter>
    </ClCompile>
    <ClCompile Include="src\Framework.cpp">
      <Filter>Source Files</Filter>
    </ClCompile>
    <ClCompile Include="src\CubeModel.cpp">
      <Filter>Source Files</Filter>
    </ClCompile>
    <ClCompile Include="src\InputManager.cpp">
      <Filter>Source Files</Filter>
    </ClCompile>
    <ClCompile Include="src\CameraController.cpp">
      <Filter>Source Files</Filter>
    </ClCompile>
    <ClCompile Include="src\TextureCubeModel.cpp">
      <Filter>Source Files</Filter>
    </ClCompile>
    <ClCompile Include="src\DescriptorHeap.cpp">
      <Filter>Source Files</Filter>
    </ClCompile>
    <ClCompile Include="src\Model.cpp">
      <Filter>Source Files</Filter>
    </ClCompile>
    <ClCompile Include="src\SceneModel.cpp">
      <Filter>Source Files\Scenes</Filter>
    </ClCompile>
    <ClCompile Include="src\Scene3dCube.cpp">
      <Filter>Source Files\Scenes</Filter>
    </ClCompile>
    <ClCompile Include="src\SceneTexture3dCube.cpp">
      <Filter>Source Files\Scenes</Filter>
    </ClCompile>
    <ClCompile Include="src\AssimpLoader.cpp">
      <Filter>Source Files</Filter>
    </ClCompile>
    <ClCompile Include="src\ImGuiManager.cpp">
      <Filter>Source Files</Filter>
    </ClCompile>
    <ClCompile Include="lib\imgui\include\imgui\imgui.cpp">
      <Filter>lib\imgui</Filter>
    </ClCompile>
    <ClCompile Include="lib\imgui\include\imgui\imgui_demo.cpp">
      <Filter>lib\imgui</Filter>
    </ClCompile>
    <ClCompile Include="lib\imgui\include\imgui\imgui_draw.cpp">
      <Filter>lib\imgui</Filter>
    </ClCompile>
    <ClCompile Include="lib\imgui\include\imgui\imgui_impl_dx12.cpp">
      <Filter>lib\imgui</Filter>
    </ClCompile>
    <ClCompile Include="lib\imgui\include\imgui\imgui_impl_win32.cpp">
      <Filter>lib\imgui</Filter>
    </ClCompile>
    <ClCompile Include="lib\imgui\include\imgui\imgui_tables.cpp">
      <Filter>lib\imgui</Filter>
    </ClCompile>
    <ClCompile Include="lib\imgui\include\imgui\imgui_widgets.cpp">
      <Filter>lib\imgui</Filter>
    </ClCompile>
  </ItemGroup>
  <ItemGroup>
    <ClInclude Include="src\Window.h">
      <Filter>Header Files</Filter>
    </ClInclude>
    <ClInclude Include="src\ResourceManager.h">
      <Filter>Header Files</Filter>
    </ClInclude>
    <ClInclude Include="src\DX12Resources.h">
      <Filter>Header Files</Filter>
    </ClInclude>
    <ClInclude Include="src\d3dx12.h">
      <Filter>Header Files</Filter>
    </ClInclude>
    <ClInclude Include="src\SwapChain.h">
      <Filter>Header Files</Filter>
    </ClInclude>
    <ClInclude Include="src\RenderTarget.h">
      <Filter>Header Files</Filter>
    </ClInclude>
    <ClInclude Include="src\Fence.h">
      <Filter>Header Files</Filter>
    </ClInclude>
    <ClInclude Include="src\RenderContext.h">
      <Filter>Header Files</Filter>
    </ClInclude>
    <ClInclude Include="src\Triangle.h">
      <Filter>Header Files</Filter>
    </ClInclude>
    <ClInclude Include="src\Shader.h">
      <Filter>Header Files</Filter>
    </ClInclude>
    <ClInclude Include="src\PipelineStateObject.h">
      <Filter>Header Files</Filter>
    </ClInclude>
    <ClInclude Include="src\RootSignature.h">
      <Filter>Header Files</Filter>
    </ClInclude>
    <ClInclude Include="src\DepthStencil.h">
      <Filter>Header Files</Filter>
    </ClInclude>
    <ClInclude Include="src\VertexBuffer.h">
      <Filter>Header Files</Filter>
    </ClInclude>
    <ClInclude Include="src\IndexBuffer.h">
      <Filter>Header Files</Filter>
    </ClInclude>
    <ClInclude Include="src\imgui\imstb_truetype.h">
      <Filter>Header Files\imgui</Filter>
    </ClInclude>
    <ClInclude Include="src\imgui\imconfig.h">
      <Filter>Header Files\imgui</Filter>
    </ClInclude>
    <ClInclude Include="src\imgui\imgui.h">
      <Filter>Header Files\imgui</Filter>
    </ClInclude>
    <ClInclude Include="src\imgui\imgui_impl_dx12.h">
      <Filter>Header Files\imgui</Filter>
    </ClInclude>
    <ClInclude Include="src\imgui\imgui_impl_win32.h">
      <Filter>Header Files\imgui</Filter>
    </ClInclude>
    <ClInclude Include="src\imgui\imgui_internal.h">
      <Filter>Header Files\imgui</Filter>
    </ClInclude>
    <ClInclude Include="src\imgui\ImGuiManager.h">
      <Filter>Header Files\imgui</Filter>
    </ClInclude>
    <ClInclude Include="src\imgui\imstb_rectpack.h">
      <Filter>Header Files\imgui</Filter>
    </ClInclude>
    <ClInclude Include="src\imgui\imstb_textedit.h">
      <Filter>Header Files\imgui</Filter>
    </ClInclude>
    <ClInclude Include="src\ConstantBuffer.h">
      <Filter>Header Files</Filter>
    </ClInclude>
    <ClInclude Include="src\SceneTriangle.h">
      <Filter>Header Files\Scenes</Filter>
    </ClInclude>
    <ClInclude Include="src\Scene.h">
      <Filter>Header Files\Scenes</Filter>
    </ClInclude>
    <ClInclude Include="src\SceneManager.h">
      <Filter>Header Files\Scenes</Filter>
    </ClInclude>
    <ClInclude Include="src\SceneDefault.h">
      <Filter>Header Files\Scenes</Filter>
    </ClInclude>
    <ClInclude Include="src\RenderMode.h">
      <Filter>Header Files</Filter>
    </ClInclude>
    <ClInclude Include="src\Sprite.h">
      <Filter>Header Files</Filter>
    </ClInclude>
    <ClInclude Include="src\Texture.h">
      <Filter>Header Files</Filter>
    </ClInclude>
    <ClInclude Include="src\PSOCacheManager.h">
      <Filter>Header Files</Filter>
    </ClInclude>
    <ClInclude Include="src\RootSignatureCacheManager.h">
      <Filter>Header Files</Filter>
    </ClInclude>
    <ClInclude Include="src\HashCombine.h">
      <Filter>Header Files</Filter>
    </ClInclude>
    <ClInclude Include="src\ShaderCacheManager.h">
      <Filter>Header Files</Filter>
    </ClInclude>
    <ClInclude Include="src\SpriteModifier.h">
      <Filter>Header Files</Filter>
    </ClInclude>
    <ClInclude Include="src\Camera.h">
      <Filter>Header Files</Filter>
    </ClInclude>
    <ClInclude Include="src\OffScreenRenderTarget.h">
      <Filter>Header Files</Filter>
    </ClInclude>
    <ClInclude Include="src\FullScreenQuad.h">
      <Filter>Header Files</Filter>
    </ClInclude>
    <ClInclude Include="src\OffScreenRenderTargetCacheManager.h">
      <Filter>Header Files</Filter>
    </ClInclude>
    <ClInclude Include="src\CompositeRenderTarget.h">
      <Filter>Header Files</Filter>
    </ClInclude>
    <ClInclude Include="src\Hashes.h">
      <Filter>Header Files</Filter>
    </ClInclude>
    <ClInclude Include="src\DescriptorCache.h">
      <Filter>Header Files</Filter>
    </ClInclude>
    <ClInclude Include="src\DeviceContext.h">
      <Filter>Header Files</Filter>
    </ClInclude>
    <ClInclude Include="src\DeviceContextFactory.h">
      <Filter>Header Files</Filter>
    </ClInclude>
    <ClInclude Include="src\CommandQueue.h">
      <Filter>Header Files</Filter>
    </ClInclude>
    <ClInclude Include="src\CommandQueueFactory.h">
      <Filter>Header Files</Filter>
    </ClInclude>
    <ClInclude Include="src\SwapChainFactory.h">
      <Filter>Header Files</Filter>
    </ClInclude>
    <ClInclude Include="src\CommandAllocator.h">
      <Filter>Header Files</Filter>
    </ClInclude>
    <ClInclude Include="src\CommandAllocatorFactory.h">
      <Filter>Header Files</Filter>
    </ClInclude>
    <ClInclude Include="src\GraphicsCommandList.h">
      <Filter>Header Files</Filter>
    </ClInclude>
    <ClInclude Include="src\GraphicsCommandListFactory.h">
      <Filter>Header Files</Filter>
    </ClInclude>
    <ClInclude Include="src\CompositeRenderTargetFactory.h">
      <Filter>Header Files</Filter>
    </ClInclude>
    <ClInclude Include="src\DepthStencilFactory.h">
      <Filter>Header Files</Filter>
    </ClInclude>
    <ClInclude Include="src\RenderContextFactory.h">
      <Filter>Header Files</Filter>
    </ClInclude>
    <ClInclude Include="src\FullScreenQuadFactory.h">
      <Filter>Header Files</Filter>
    </ClInclude>
    <ClInclude Include="src\FenceFactory.h">
      <Filter>Header Files</Filter>
    </ClInclude>
    <ClInclude Include="src\RenderTargetFactory.h">
      <Filter>Header Files</Filter>
    </ClInclude>
    <ClInclude Include="src\CommonGraphicsConfig.h">
      <Filter>Header Files</Filter>
    </ClInclude>
    <ClInclude Include="src\IndexBufferFactory.h">
      <Filter>Header Files</Filter>
    </ClInclude>
    <ClInclude Include="src\OffScreenRenderTargetFactory.h">
      <Filter>Header Files</Filter>
    </ClInclude>
    <ClInclude Include="src\RootSignatureFactory.h">
      <Filter>Header Files</Filter>
    </ClInclude>
    <ClInclude Include="src\VertexBufferFactory.h">
      <Filter>Header Files</Filter>
    </ClInclude>
    <ClInclude Include="src\PipelineStateObjectFactory.h">
      <Filter>Header Files</Filter>
    </ClInclude>
    <ClInclude Include="src\SceneSprite.h">
      <Filter>Header Files\Scenes</Filter>
    </ClInclude>
    <ClInclude Include="src\TextureFactory.h">
      <Filter>Header Files</Filter>
    </ClInclude>
    <ClInclude Include="src\TextureCacheManager.h">
      <Filter>Header Files</Filter>
    </ClInclude>
    <ClInclude Include="src\ShaderFactory.h">
      <Filter>Header Files</Filter>
    </ClInclude>
    <ClInclude Include="src\DepthStencilCacheManager.h">
      <Filter>Header Files</Filter>
    </ClInclude>
    <ClInclude Include="src\imgui\imfilebrowser.h">
      <Filter>Header Files\imgui</Filter>
    </ClInclude>
    <ClInclude Include="src\Framework.h">
      <Filter>Header Files</Filter>
    </ClInclude>
    <ClInclude Include="src\FrameworkFactory.h">
      <Filter>Header Files</Filter>
    </ClInclude>
    <ClInclude Include="src\HighResolutionTimer.h">
      <Filter>Header Files</Filter>
    </ClInclude>
    <ClInclude Include="src\Scene3dCube.h">
      <Filter>Header Files\Scenes</Filter>
    </ClInclude>
    <ClInclude Include="src\CubeModel.h">
      <Filter>Header Files</Filter>
    </ClInclude>
    <ClInclude Include="src\ConstantBufferFactory.h">
      <Filter>Header Files</Filter>
    </ClInclude>
    <ClInclude Include="src\MouseInputListener.h">
      <Filter>Header Files</Filter>
    </ClInclude>
    <ClInclude Include="src\InputManager.h">
      <Filter>Header Files</Filter>
    </ClInclude>
    <ClInclude Include="src\CameraController.h">
      <Filter>Header Files</Filter>
    </ClInclude>
    <ClInclude Include="src\SceneTexture3dCube.h">
      <Filter>Header Files\Scenes</Filter>
    </ClInclude>
    <ClInclude Include="src\TextureCubeModel.h">
      <Filter>Header Files</Filter>
    </ClInclude>
    <ClInclude Include="src\DescriptorHeap.h">
      <Filter>Header Files</Filter>
    </ClInclude>
    <ClInclude Include="src\DescriptorHeapFactory.h">
      <Filter>Header Files</Filter>
    </ClInclude>
    <ClInclude Include="src\Model.h">
      <Filter>Header Files</Filter>
    </ClInclude>
    <ClInclude Include="src\SceneModel.h">
      <Filter>Header Files\Scenes</Filter>
    </ClInclude>
    <ClInclude Include="src\AssimpLoader.h">
      <Filter>Header Files</Filter>
    </ClInclude>
    <ClInclude Include="src\StringUtil.h">
      <Filter>Header Files</Filter>
    </ClInclude>
    <ClInclude Include="src\Mesh.h">
      <Filter>Header Files</Filter>
    </ClInclude>
    <ClInclude Include="src\FileUtil.h">
      <Filter>Header Files</Filter>
    </ClInclude>
    <ClInclude Include="src\ModelMeshCacheManager.h">
      <Filter>Header Files</Filter>
    </ClInclude>
    <ClInclude Include="src\ImGuiManager.h">
      <Filter>Header Files</Filter>
    </ClInclude>
    <ClInclude Include="lib\imgui\include\imgui\imconfig.h">
      <Filter>lib\imgui</Filter>
    </ClInclude>
    <ClInclude Include="lib\imgui\include\imgui\imfilebrowser.h">
      <Filter>lib\imgui</Filter>
    </ClInclude>
    <ClInclude Include="lib\imgui\include\imgui\imgui.h">
      <Filter>lib\imgui</Filter>
    </ClInclude>
    <ClInclude Include="lib\imgui\include\imgui\imgui_impl_dx12.h">
      <Filter>lib\imgui</Filter>
    </ClInclude>
    <ClInclude Include="lib\imgui\include\imgui\imgui_impl_win32.h">
      <Filter>lib\imgui</Filter>
    </ClInclude>
    <ClInclude Include="lib\imgui\include\imgui\imgui_internal.h">
      <Filter>lib\imgui</Filter>
    </ClInclude>
    <ClInclude Include="lib\imgui\include\imgui\ImGuiManager.h">
      <Filter>lib\imgui</Filter>
    </ClInclude>
    <ClInclude Include="lib\imgui\include\imgui\imstb_rectpack.h">
      <Filter>lib\imgui</Filter>
    </ClInclude>
    <ClInclude Include="lib\imgui\include\imgui\imstb_textedit.h">
      <Filter>lib\imgui</Filter>
    </ClInclude>
    <ClInclude Include="lib\imgui\include\imgui\imstb_truetype.h">
      <Filter>lib\imgui</Filter>
    </ClInclude>
    <ClInclude Include="lib\assimp\include\assimp\aabb.h">
      <Filter>lib\assimp</Filter>
    </ClInclude>
    <ClInclude Include="lib\assimp\include\assimp\ai_assert.h">
      <Filter>lib\assimp</Filter>
    </ClInclude>
    <ClInclude Include="lib\assimp\include\assimp\anim.h">
      <Filter>lib\assimp</Filter>
    </ClInclude>
    <ClInclude Include="lib\assimp\include\assimp\AssertHandler.h">
      <Filter>lib\assimp</Filter>
    </ClInclude>
    <ClInclude Include="lib\assimp\include\assimp\Base64.hpp">
      <Filter>lib\assimp</Filter>
    </ClInclude>
    <ClInclude Include="lib\assimp\include\assimp\BaseImporter.h">
      <Filter>lib\assimp</Filter>
    </ClInclude>
    <ClInclude Include="lib\assimp\include\assimp\Bitmap.h">
      <Filter>lib\assimp</Filter>
    </ClInclude>
    <ClInclude Include="lib\assimp\include\assimp\BlobIOSystem.h">
      <Filter>lib\assimp</Filter>
    </ClInclude>
    <ClInclude Include="lib\assimp\include\assimp\ByteSwapper.h">
      <Filter>lib\assimp</Filter>
    </ClInclude>
    <ClInclude Include="lib\assimp\include\assimp\camera.h">
      <Filter>lib\assimp</Filter>
    </ClInclude>
    <ClInclude Include="lib\assimp\include\assimp\cexport.h">
      <Filter>lib\assimp</Filter>
    </ClInclude>
    <ClInclude Include="lib\assimp\include\assimp\cfileio.h">
      <Filter>lib\assimp</Filter>
    </ClInclude>
    <ClInclude Include="lib\assimp\include\assimp\cimport.h">
      <Filter>lib\assimp</Filter>
    </ClInclude>
    <ClInclude Include="lib\assimp\include\assimp\ColladaMetaData.h">
      <Filter>lib\assimp</Filter>
    </ClInclude>
    <ClInclude Include="lib\assimp\include\assimp\color4.h">
      <Filter>lib\assimp</Filter>
    </ClInclude>
    <ClInclude Include="lib\assimp\include\assimp\commonMetaData.h">
      <Filter>lib\assimp</Filter>
    </ClInclude>
    <ClInclude Include="lib\assimp\include\assimp\config.h">
      <Filter>lib\assimp</Filter>
    </ClInclude>
    <ClInclude Include="lib\assimp\include\assimp\CreateAnimMesh.h">
      <Filter>lib\assimp</Filter>
    </ClInclude>
    <ClInclude Include="lib\assimp\include\assimp\DefaultIOStream.h">
      <Filter>lib\assimp</Filter>
    </ClInclude>
    <ClInclude Include="lib\assimp\include\assimp\DefaultIOSystem.h">
      <Filter>lib\assimp</Filter>
    </ClInclude>
    <ClInclude Include="lib\assimp\include\assimp\DefaultLogger.hpp">
      <Filter>lib\assimp</Filter>
    </ClInclude>
    <ClInclude Include="lib\assimp\include\assimp\defs.h">
      <Filter>lib\assimp</Filter>
    </ClInclude>
    <ClInclude Include="lib\assimp\include\assimp\Exceptional.h">
      <Filter>lib\assimp</Filter>
    </ClInclude>
    <ClInclude Include="lib\assimp\include\assimp\Exporter.hpp">
      <Filter>lib\assimp</Filter>
    </ClInclude>
    <ClInclude Include="lib\assimp\include\assimp\fast_atof.h">
      <Filter>lib\assimp</Filter>
    </ClInclude>
    <ClInclude Include="lib\assimp\include\assimp\GenericProperty.h">
      <Filter>lib\assimp</Filter>
    </ClInclude>
    <ClInclude Include="lib\assimp\include\assimp\GltfMaterial.h">
      <Filter>lib\assimp</Filter>
    </ClInclude>
    <ClInclude Include="lib\assimp\include\assimp\Hash.h">
      <Filter>lib\assimp</Filter>
    </ClInclude>
    <ClInclude Include="lib\assimp\include\assimp\Importer.hpp">
      <Filter>lib\assimp</Filter>
    </ClInclude>
    <ClInclude Include="lib\assimp\include\assimp\importerdesc.h">
      <Filter>lib\assimp</Filter>
    </ClInclude>
    <ClInclude Include="lib\assimp\include\assimp\IOStream.hpp">
      <Filter>lib\assimp</Filter>
    </ClInclude>
    <ClInclude Include="lib\assimp\include\assimp\IOStreamBuffer.h">
      <Filter>lib\assimp</Filter>
    </ClInclude>
    <ClInclude Include="lib\assimp\include\assimp\IOSystem.hpp">
      <Filter>lib\assimp</Filter>
    </ClInclude>
    <ClInclude Include="lib\assimp\include\assimp\light.h">
      <Filter>lib\assimp</Filter>
    </ClInclude>
    <ClInclude Include="lib\assimp\include\assimp\LineSplitter.h">
      <Filter>lib\assimp</Filter>
    </ClInclude>
    <ClInclude Include="lib\assimp\include\assimp\LogAux.h">
      <Filter>lib\assimp</Filter>
    </ClInclude>
    <ClInclude Include="lib\assimp\include\assimp\Logger.hpp">
      <Filter>lib\assimp</Filter>
    </ClInclude>
    <ClInclude Include="lib\assimp\include\assimp\LogStream.hpp">
      <Filter>lib\assimp</Filter>
    </ClInclude>
    <ClInclude Include="lib\assimp\include\assimp\material.h">
      <Filter>lib\assimp</Filter>
    </ClInclude>
    <ClInclude Include="lib\assimp\include\assimp\MathFunctions.h">
      <Filter>lib\assimp</Filter>
    </ClInclude>
    <ClInclude Include="lib\assimp\include\assimp\matrix3x3.h">
      <Filter>lib\assimp</Filter>
    </ClInclude>
    <ClInclude Include="lib\assimp\include\assimp\matrix4x4.h">
      <Filter>lib\assimp</Filter>
    </ClInclude>
    <ClInclude Include="lib\assimp\include\assimp\MemoryIOWrapper.h">
      <Filter>lib\assimp</Filter>
    </ClInclude>
    <ClInclude Include="lib\assimp\include\assimp\mesh.h">
      <Filter>lib\assimp</Filter>
    </ClInclude>
    <ClInclude Include="lib\assimp\include\assimp\metadata.h">
      <Filter>lib\assimp</Filter>
    </ClInclude>
    <ClInclude Include="lib\assimp\include\assimp\NullLogger.hpp">
      <Filter>lib\assimp</Filter>
    </ClInclude>
    <ClInclude Include="lib\assimp\include\assimp\ObjMaterial.h">
      <Filter>lib\assimp</Filter>
    </ClInclude>
    <ClInclude Include="lib\assimp\include\assimp\ParsingUtils.h">
      <Filter>lib\assimp</Filter>
    </ClInclude>
    <ClInclude Include="lib\assimp\include\assimp\pbrmaterial.h">
      <Filter>lib\assimp</Filter>
    </ClInclude>
    <ClInclude Include="lib\assimp\include\assimp\postprocess.h">
      <Filter>lib\assimp</Filter>
    </ClInclude>
    <ClInclude Include="lib\assimp\include\assimp\Profiler.h">
      <Filter>lib\assimp</Filter>
    </ClInclude>
    <ClInclude Include="lib\assimp\include\assimp\ProgressHandler.hpp">
      <Filter>lib\assimp</Filter>
    </ClInclude>
    <ClInclude Include="lib\assimp\include\assimp\qnan.h">
      <Filter>lib\assimp</Filter>
    </ClInclude>
    <ClInclude Include="lib\assimp\include\assimp\quaternion.h">
      <Filter>lib\assimp</Filter>
    </ClInclude>
    <ClInclude Include="lib\assimp\include\assimp\RemoveComments.h">
      <Filter>lib\assimp</Filter>
    </ClInclude>
    <ClInclude Include="lib\assimp\include\assimp\scene.h">
      <Filter>lib\assimp</Filter>
    </ClInclude>
    <ClInclude Include="lib\assimp\include\assimp\SceneCombiner.h">
      <Filter>lib\assimp</Filter>
    </ClInclude>
    <ClInclude Include="lib\assimp\include\assimp\SGSpatialSort.h">
      <Filter>lib\assimp</Filter>
    </ClInclude>
    <ClInclude Include="lib\assimp\include\assimp\SkeletonMeshBuilder.h">
      <Filter>lib\assimp</Filter>
    </ClInclude>
    <ClInclude Include="lib\assimp\include\assimp\SmallVector.h">
      <Filter>lib\assimp</Filter>
    </ClInclude>
    <ClInclude Include="lib\assimp\include\assimp\SmoothingGroups.h">
      <Filter>lib\assimp</Filter>
    </ClInclude>
    <ClInclude Include="lib\assimp\include\assimp\SpatialSort.h">
      <Filter>lib\assimp</Filter>
    </ClInclude>
    <ClInclude Include="lib\assimp\include\assimp\StandardShapes.h">
      <Filter>lib\assimp</Filter>
    </ClInclude>
    <ClInclude Include="lib\assimp\include\assimp\StreamReader.h">
      <Filter>lib\assimp</Filter>
    </ClInclude>
    <ClInclude Include="lib\assimp\include\assimp\StreamWriter.h">
      <Filter>lib\assimp</Filter>
    </ClInclude>
    <ClInclude Include="lib\assimp\include\assimp\StringComparison.h">
      <Filter>lib\assimp</Filter>
    </ClInclude>
    <ClInclude Include="lib\assimp\include\assimp\StringUtils.h">
      <Filter>lib\assimp</Filter>
    </ClInclude>
    <ClInclude Include="lib\assimp\include\assimp\Subdivision.h">
      <Filter>lib\assimp</Filter>
    </ClInclude>
    <ClInclude Include="lib\assimp\include\assimp\texture.h">
      <Filter>lib\assimp</Filter>
    </ClInclude>
    <ClInclude Include="lib\assimp\include\assimp\TinyFormatter.h">
      <Filter>lib\assimp</Filter>
    </ClInclude>
    <ClInclude Include="lib\assimp\include\assimp\types.h">
      <Filter>lib\assimp</Filter>
    </ClInclude>
    <ClInclude Include="lib\assimp\include\assimp\vector2.h">
      <Filter>lib\assimp</Filter>
    </ClInclude>
    <ClInclude Include="lib\assimp\include\assimp\vector3.h">
      <Filter>lib\assimp</Filter>
    </ClInclude>
    <ClInclude Include="lib\assimp\include\assimp\version.h">
      <Filter>lib\assimp</Filter>
    </ClInclude>
    <ClInclude Include="lib\assimp\include\assimp\Vertex.h">
      <Filter>lib\assimp</Filter>
    </ClInclude>
    <ClInclude Include="lib\assimp\include\assimp\XmlParser.h">
      <Filter>lib\assimp</Filter>
    </ClInclude>
    <ClInclude Include="lib\assimp\include\assimp\XMLTools.h">
      <Filter>lib\assimp</Filter>
    </ClInclude>
    <ClInclude Include="lib\assimp\include\assimp\ZipArchiveIOSystem.h">
      <Filter>lib\assimp</Filter>
    </ClInclude>
  </ItemGroup>
  <ItemGroup>
    <FxCompile Include="src\shaders\TrianglePS.hlsl">
      <Filter>Shaders\Triangle</Filter>
    </FxCompile>
    <FxCompile Include="src\shaders\TriangleVS.hlsl">
      <Filter>Shaders\Triangle</Filter>
    </FxCompile>
    <FxCompile Include="src\shaders\SpriteVS.hlsl">
      <Filter>Shaders\Sprite</Filter>
    </FxCompile>
    <FxCompile Include="src\shaders\SpritePS.hlsl">
      <Filter>Shaders\Sprite</Filter>
    </FxCompile>
    <FxCompile Include="src\shaders\RotationVS.hlsl">
      <Filter>Shaders\Rotation</Filter>
    </FxCompile>
    <FxCompile Include="src\shaders\RotationPS.hlsl">
      <Filter>Shaders\Rotation</Filter>
    </FxCompile>
    <FxCompile Include="src\shaders\FullScreenQuadPS.hlsl">
      <Filter>Shaders\FullScreenQuad</Filter>
    </FxCompile>
    <FxCompile Include="src\shaders\FullScreenQuadVS.hlsl">
      <Filter>Shaders\FullScreenQuad</Filter>
    </FxCompile>
    <FxCompile Include="src\shaders\MultiPathCompositingPS.hlsl">
      <Filter>Shaders\MultiPathCompositing</Filter>
    </FxCompile>
    <FxCompile Include="src\shaders\MultiPathCompositingVS.hlsl">
      <Filter>Shaders\MultiPathCompositing</Filter>
    </FxCompile>
    <FxCompile Include="src\shaders\CubeVS.hlsl">
      <Filter>Shaders\SimpleCube</Filter>
    </FxCompile>
    <FxCompile Include="src\shaders\CubePS.hlsl">
      <Filter>Shaders\SimpleCube</Filter>
    </FxCompile>
    <FxCompile Include="src\shaders\TextureCubeVS.hlsl">
      <Filter>Shaders\TextureCube</Filter>
    </FxCompile>
    <FxCompile Include="src\shaders\TextureCubePS.hlsl">
      <Filter>Shaders\TextureCube</Filter>
    </FxCompile>
    <FxCompile Include="src\shaders\3dModelVS.hlsl">
      <Filter>Shaders\3dModel</Filter>
    </FxCompile>
    <FxCompile Include="src\shaders\3dModelPS.hlsl">
      <Filter>Shaders\3dModel</Filter>
    </FxCompile>
  </ItemGroup>
  <ItemGroup>
    <None Include="src\shaders\Triangle.hlsli">
      <Filter>Shaders\Triangle</Filter>
    </None>
    <None Include="src\shaders\Sprite.hlsli">
      <Filter>Shaders\Sprite</Filter>
    </None>
    <None Include="src\shaders\Rotation.hlsli">
      <Filter>Shaders\Rotation</Filter>
    </None>
    <None Include="packages.config" />
    <None Include="src\shaders\FullScreenQuad.hlsli">
      <Filter>Shaders\FullScreenQuad</Filter>
    </None>
    <None Include="src\shaders\MultiPathCompositing.hlsli">
      <Filter>Shaders\MultiPathCompositing</Filter>
    </None>
    <None Include="src\shaders\Cube.hlsli">
      <Filter>Shaders\SimpleCube</Filter>
    </None>
    <None Include="src\shaders\TextureCube.hlsli">
      <Filter>Shaders\TextureCube</Filter>
    </None>
    <None Include="src\shaders\3dModel.hlsli">
      <Filter>Shaders\3dModel</Filter>
    </None>
    <None Include="lib\assimp\include\assimp\.editorconfig">
      <Filter>lib\assimp</Filter>
    </None>
    <None Include="lib\assimp\include\assimp\color4.inl">
      <Filter>lib\assimp</Filter>
    </None>
    <None Include="lib\assimp\include\assimp\config.h.in">
      <Filter>lib\assimp</Filter>
    </None>
    <None Include="lib\assimp\include\assimp\material.inl">
      <Filter>lib\assimp</Filter>
    </None>
    <None Include="lib\assimp\include\assimp\matrix3x3.inl">
      <Filter>lib\assimp</Filter>
    </None>
    <None Include="lib\assimp\include\assimp\matrix4x4.inl">
      <Filter>lib\assimp</Filter>
    </None>
    <None Include="lib\assimp\include\assimp\quaternion.inl">
      <Filter>lib\assimp</Filter>
    </None>
    <None Include="lib\assimp\include\assimp\SmoothingGroups.inl">
      <Filter>lib\assimp</Filter>
    </None>
    <None Include="lib\assimp\include\assimp\vector2.inl">
      <Filter>lib\assimp</Filter>
    </None>
    <None Include="lib\assimp\include\assimp\vector3.inl">
      <Filter>lib\assimp</Filter>
    </None>
  </ItemGroup>
</Project>